
Microsoft Visual Studio Solution File, Format Version 12.00
# Visual Studio Version 17
VisualStudioVersion = 17.0.31903.59
MinimumVisualStudioVersion = 10.0.40219.1
Project("{FAE04EC0-301F-11D3-BF4B-00C04F79EFBC}") = "AgendaNet.Api", "AgendaNet.Api\AgendaNet.Api.csproj", "{50712344-06E8-403A-800B-9C1523A3A8BA}"
EndProject
Project("{FAE04EC0-301F-11D3-BF4B-00C04F79EFBC}") = "AgendaNet.Domain", "AgendaNet.Domain\AgendaNet.Domain.csproj", "{71619E79-ED8A-4051-8954-14F0211F7B85}"
EndProject
Project("{FAE04EC0-301F-11D3-BF4B-00C04F79EFBC}") = "AgendaNet.Tests", "AgendaNet.Tests\AgendaNet.Tests.csproj", "{0DF6DED4-6118-459A-B96A-6BD49CDEE071}"
EndProject
Project("{FAE04EC0-301F-11D3-BF4B-00C04F79EFBC}") = "AgendaNet.Infra", "AgendaNet.Infra\AgendaNet.Infra.csproj", "{AD447191-0097-4507-9734-95EBEBA47597}"
EndProject
Global
	GlobalSection(SolutionConfigurationPlatforms) = preSolution
		Debug|Any CPU = Debug|Any CPU
		Release|Any CPU = Release|Any CPU
	EndGlobalSection
	GlobalSection(SolutionProperties) = preSolution
		HideSolutionNode = FALSE
	EndGlobalSection
	GlobalSection(ProjectConfigurationPlatforms) = postSolution
		{50712344-06E8-403A-800B-9C1523A3A8BA}.Debug|Any CPU.ActiveCfg = Debug|Any CPU
		{50712344-06E8-403A-800B-9C1523A3A8BA}.Debug|Any CPU.Build.0 = Debug|Any CPU
		{50712344-06E8-403A-800B-9C1523A3A8BA}.Release|Any CPU.ActiveCfg = Release|Any CPU
		{50712344-06E8-403A-800B-9C1523A3A8BA}.Release|Any CPU.Build.0 = Release|Any CPU
		{71619E79-ED8A-4051-8954-14F0211F7B85}.Debug|Any CPU.ActiveCfg = Debug|Any CPU
		{71619E79-ED8A-4051-8954-14F0211F7B85}.Debug|Any CPU.Build.0 = Debug|Any CPU
		{71619E79-ED8A-4051-8954-14F0211F7B85}.Release|Any CPU.ActiveCfg = Release|Any CPU
		{71619E79-ED8A-4051-8954-14F0211F7B85}.Release|Any CPU.Build.0 = Release|Any CPU
		{0DF6DED4-6118-459A-B96A-6BD49CDEE071}.Debug|Any CPU.ActiveCfg = Debug|Any CPU
		{0DF6DED4-6118-459A-B96A-6BD49CDEE071}.Debug|Any CPU.Build.0 = Debug|Any CPU
		{0DF6DED4-6118-459A-B96A-6BD49CDEE071}.Release|Any CPU.ActiveCfg = Release|Any CPU
		{0DF6DED4-6118-459A-B96A-6BD49CDEE071}.Release|Any CPU.Build.0 = Release|Any CPU
		{AD447191-0097-4507-9734-95EBEBA47597}.Debug|Any CPU.ActiveCfg = Debug|Any CPU
		{AD447191-0097-4507-9734-95EBEBA47597}.Debug|Any CPU.Build.0 = Debug|Any CPU
		{AD447191-0097-4507-9734-95EBEBA47597}.Release|Any CPU.ActiveCfg = Release|Any CPU
		{AD447191-0097-4507-9734-95EBEBA47597}.Release|Any CPU.Build.0 = Release|Any CPU
	EndGlobalSection
EndGlobal
